
Microsoft Visual Studio Solution File, Format Version 12.00
# Visual Studio Version 17
VisualStudioVersion = 17.7.34024.191
MinimumVisualStudioVersion = 10.0.40219.1
Project("{FAE04EC0-301F-11D3-BF4B-00C04F79EFBC}") = "AspNetCore.Raw", "AspNetCore.Raw\AspNetCore.Raw.csproj", "{A200005C-9E15-471E-B235-2BF8BD543529}"
EndProject
Global
	GlobalSection(SolutionConfigurationPlatforms) = preSolution
		Debug|Any CPU = Debug|Any CPU
		Release|Any CPU = Release|Any CPU
	EndGlobalSection
	GlobalSection(ProjectConfigurationPlatforms) = postSolution
		{A200005C-9E15-471E-B235-2BF8BD543529}.Debug|Any CPU.ActiveCfg = Debug|Any CPU
		{A200005C-9E15-471E-B235-2BF8BD543529}.Debug|Any CPU.Build.0 = Debug|Any CPU
		{A200005C-9E15-471E-B235-2BF8BD543529}.Release|Any CPU.ActiveCfg = Release|Any CPU
		{A200005C-9E15-471E-B235-2BF8BD543529}.Release|Any CPU.Build.0 = Release|Any CPU
	EndGlobalSection
	GlobalSection(SolutionProperties) = preSolution
		HideSolutionNode = FALSE
	EndGlobalSection
	GlobalSection(ExtensibilityGlobals) = postSolution
		SolutionGuid = {33184723-426E-4162-BAE0-867CF3C108BA}
	EndGlobalSection
EndGlobal
